
Microsoft Visual Studio Solution File, Format Version 12.00
# Visual Studio Version 16
VisualStudioVersion = 16.0.28803.452
MinimumVisualStudioVersion = 10.0.40219.1
Project("{9A19103F-16F7-4668-BE54-9A1E7A4F7556}") = "PlinxPlanner.API", "FiLogger\PlinxPlanner.API.csproj", "{4AA7D822-D6E0-4F2F-BB2A-AE59617B465F}"
EndProject
Project("{9A19103F-16F7-4668-BE54-9A1E7A4F7556}") = "PlinxPlanner.Common", "fiLogger.Common\PlinxPlanner.Common.csproj", "{82917024-4663-4360-804E-2F2B93403DBD}"
EndProject
Project("{9A19103F-16F7-4668-BE54-9A1E7A4F7556}") = "PlinxPlanner.Context", "FiLogger.Context\PlinxPlanner.Context.csproj", "{99D0860E-FD93-43A6-A4E6-CB0338CE3811}"
EndProject
Project("{9A19103F-16F7-4668-BE54-9A1E7A4F7556}") = "PlinxPlanner.IoC.Config", "FiLogger.IoC.Config\PlinxPlanner.IoC.Config.csproj", "{DD3EF6A1-2B6D-4C9F-ADB4-476F4CE57C1F}"
EndProject
Project("{9A19103F-16F7-4668-BE54-9A1E7A4F7556}") = "CryptoLib", "cryptolib\CryptoLib.csproj", "{9DFA4E3C-B438-4776-988E-EF33BC1C3CCD}"
EndProject
Project("{9A19103F-16F7-4668-BE54-9A1E7A4F7556}") = "PlinxPlanner.Service", "FiLogger.Service\PlinxPlanner.Service.csproj", "{5C34E711-D639-4D77-8F75-E90BC16E1981}"
EndProject
Project("{9A19103F-16F7-4668-BE54-9A1E7A4F7556}") = "PlinxPlanner.DataAccess.Contracts", "FiLogger.DataAccess\PlinxPlanner.DataAccess.Contracts.csproj", "{4A8174FA-8FA5-4096-8E17-92833A5858F5}"
EndProject
Project("{9A19103F-16F7-4668-BE54-9A1E7A4F7556}") = "PlinxPlanner.API.DataContracts", "FiLogger.API.DataContracts\PlinxPlanner.API.DataContracts.csproj", "{8099D2DE-9750-4BB1-9325-B3C082307AA6}"
EndProject
Project("{9A19103F-16F7-4668-BE54-9A1E7A4F7556}") = "PlinxPlanner.DataAccess.EntityFramework", "FiLogger.DataAccess.EntityFramework\PlinxPlanner.DataAccess.EntityFramework.csproj", "{D425FB92-1E20-4620-9632-CB322992A478}"
EndProject
Project("{9A19103F-16F7-4668-BE54-9A1E7A4F7556}") = "PlinxApplicationForm", "PlinxApplicationForm\PlinxApplicationForm.csproj", "{605F29DD-93ED-4306-8567-91BA8770F925}"
EndProject
Project("{888888A0-9F3D-457C-B088-3A5042F75D52}") = "PlinxPlannerAdmin", "PlinxPlannerAdmin\PlinxPlannerAdmin.pyproj", "{FE4F9EF0-1833-47EF-8543-564B94666E7A}"
EndProject
Global
	GlobalSection(SolutionConfigurationPlatforms) = preSolution
		Debug|Any CPU = Debug|Any CPU
		Debug|x64 = Debug|x64
		Debug|x86 = Debug|x86
		Release|Any CPU = Release|Any CPU
		Release|x64 = Release|x64
		Release|x86 = Release|x86
	EndGlobalSection
	GlobalSection(ProjectConfigurationPlatforms) = postSolution
		{4AA7D822-D6E0-4F2F-BB2A-AE59617B465F}.Debug|Any CPU.ActiveCfg = Debug|Any CPU
		{4AA7D822-D6E0-4F2F-BB2A-AE59617B465F}.Debug|Any CPU.Build.0 = Debug|Any CPU
		{4AA7D822-D6E0-4F2F-BB2A-AE59617B465F}.Debug|x64.ActiveCfg = Debug|Any CPU
		{4AA7D822-D6E0-4F2F-BB2A-AE59617B465F}.Debug|x64.Build.0 = Debug|Any CPU
		{4AA7D822-D6E0-4F2F-BB2A-AE59617B465F}.Debug|x86.ActiveCfg = Debug|Any CPU
		{4AA7D822-D6E0-4F2F-BB2A-AE59617B465F}.Debug|x86.Build.0 = Debug|Any CPU
		{4AA7D822-D6E0-4F2F-BB2A-AE59617B465F}.Release|Any CPU.ActiveCfg = Release|Any CPU
		{4AA7D822-D6E0-4F2F-BB2A-AE59617B465F}.Release|Any CPU.Build.0 = Release|Any CPU
		{4AA7D822-D6E0-4F2F-BB2A-AE59617B465F}.Release|x64.ActiveCfg = Release|Any CPU
		{4AA7D822-D6E0-4F2F-BB2A-AE59617B465F}.Release|x64.Build.0 = Release|Any CPU
		{4AA7D822-D6E0-4F2F-BB2A-AE59617B465F}.Release|x86.ActiveCfg = Release|Any CPU
		{4AA7D822-D6E0-4F2F-BB2A-AE59617B465F}.Release|x86.Build.0 = Release|Any CPU
		{82917024-4663-4360-804E-2F2B93403DBD}.Debug|Any CPU.ActiveCfg = Debug|Any CPU
		{82917024-4663-4360-804E-2F2B93403DBD}.Debug|Any CPU.Build.0 = Debug|Any CPU
		{82917024-4663-4360-804E-2F2B93403DBD}.Debug|x64.ActiveCfg = Debug|Any CPU
		{82917024-4663-4360-804E-2F2B93403DBD}.Debug|x64.Build.0 = Debug|Any CPU
		{82917024-4663-4360-804E-2F2B93403DBD}.Debug|x86.ActiveCfg = Debug|Any CPU
		{82917024-4663-4360-804E-2F2B93403DBD}.Debug|x86.Build.0 = Debug|Any CPU
		{82917024-4663-4360-804E-2F2B93403DBD}.Release|Any CPU.ActiveCfg = Release|Any CPU
		{82917024-4663-4360-804E-2F2B93403DBD}.Release|Any CPU.Build.0 = Release|Any CPU
		{82917024-4663-4360-804E-2F2B93403DBD}.Release|x64.ActiveCfg = Release|Any CPU
		{82917024-4663-4360-804E-2F2B93403DBD}.Release|x64.Build.0 = Release|Any CPU
		{82917024-4663-4360-804E-2F2B93403DBD}.Release|x86.ActiveCfg = Release|Any CPU
		{82917024-4663-4360-804E-2F2B93403DBD}.Release|x86.Build.0 = Release|Any CPU
		{99D0860E-FD93-43A6-A4E6-CB0338CE3811}.Debug|Any CPU.ActiveCfg = Debug|Any CPU
		{99D0860E-FD93-43A6-A4E6-CB0338CE3811}.Debug|Any CPU.Build.0 = Debug|Any CPU
		{99D0860E-FD93-43A6-A4E6-CB0338CE3811}.Debug|x64.ActiveCfg = Debug|Any CPU
		{99D0860E-FD93-43A6-A4E6-CB0338CE3811}.Debug|x64.Build.0 = Debug|Any CPU
		{99D0860E-FD93-43A6-A4E6-CB0338CE3811}.Debug|x86.ActiveCfg = Debug|Any CPU
		{99D0860E-FD93-43A6-A4E6-CB0338CE3811}.Debug|x86.Build.0 = Debug|Any CPU
		{99D0860E-FD93-43A6-A4E6-CB0338CE3811}.Release|Any CPU.ActiveCfg = Release|Any CPU
		{99D0860E-FD93-43A6-A4E6-CB0338CE3811}.Release|Any CPU.Build.0 = Release|Any CPU
		{99D0860E-FD93-43A6-A4E6-CB0338CE3811}.Release|x64.ActiveCfg = Release|Any CPU
		{99D0860E-FD93-43A6-A4E6-CB0338CE3811}.Release|x64.Build.0 = Release|Any CPU
		{99D0860E-FD93-43A6-A4E6-CB0338CE3811}.Release|x86.ActiveCfg = Release|Any CPU
		{99D0860E-FD93-43A6-A4E6-CB0338CE3811}.Release|x86.Build.0 = Release|Any CPU
		{DD3EF6A1-2B6D-4C9F-ADB4-476F4CE57C1F}.Debug|Any CPU.ActiveCfg = Debug|Any CPU
		{DD3EF6A1-2B6D-4C9F-ADB4-476F4CE57C1F}.Debug|Any CPU.Build.0 = Debug|Any CPU
		{DD3EF6A1-2B6D-4C9F-ADB4-476F4CE57C1F}.Debug|x64.ActiveCfg = Debug|Any CPU
		{DD3EF6A1-2B6D-4C9F-ADB4-476F4CE57C1F}.Debug|x64.Build.0 = Debug|Any CPU
		{DD3EF6A1-2B6D-4C9F-ADB4-476F4CE57C1F}.Debug|x86.ActiveCfg = Debug|Any CPU
		{DD3EF6A1-2B6D-4C9F-ADB4-476F4CE57C1F}.Debug|x86.Build.0 = Debug|Any CPU
		{DD3EF6A1-2B6D-4C9F-ADB4-476F4CE57C1F}.Release|Any CPU.ActiveCfg = Release|Any CPU
		{DD3EF6A1-2B6D-4C9F-ADB4-476F4CE57C1F}.Release|Any CPU.Build.0 = Release|Any CPU
		{DD3EF6A1-2B6D-4C9F-ADB4-476F4CE57C1F}.Release|x64.ActiveCfg = Release|Any CPU
		{DD3EF6A1-2B6D-4C9F-ADB4-476F4CE57C1F}.Release|x64.Build.0 = Release|Any CPU
		{DD3EF6A1-2B6D-4C9F-ADB4-476F4CE57C1F}.Release|x86.ActiveCfg = Release|Any CPU
		{DD3EF6A1-2B6D-4C9F-ADB4-476F4CE57C1F}.Release|x86.Build.0 = Release|Any CPU
		{9DFA4E3C-B438-4776-988E-EF33BC1C3CCD}.Debug|Any CPU.ActiveCfg = Debug|Any CPU
		{9DFA4E3C-B438-4776-988E-EF33BC1C3CCD}.Debug|Any CPU.Build.0 = Debug|Any CPU
		{9DFA4E3C-B438-4776-988E-EF33BC1C3CCD}.Debug|x64.ActiveCfg = Debug|x64
		{9DFA4E3C-B438-4776-988E-EF33BC1C3CCD}.Debug|x64.Build.0 = Debug|x64
		{9DFA4E3C-B438-4776-988E-EF33BC1C3CCD}.Debug|x86.ActiveCfg = Debug|x86
		{9DFA4E3C-B438-4776-988E-EF33BC1C3CCD}.Debug|x86.Build.0 = Debug|x86
		{9DFA4E3C-B438-4776-988E-EF33BC1C3CCD}.Release|Any CPU.ActiveCfg = Release|Any CPU
		{9DFA4E3C-B438-4776-988E-EF33BC1C3CCD}.Release|Any CPU.Build.0 = Release|Any CPU
		{9DFA4E3C-B438-4776-988E-EF33BC1C3CCD}.Release|x64.ActiveCfg = Release|x64
		{9DFA4E3C-B438-4776-988E-EF33BC1C3CCD}.Release|x64.Build.0 = Release|x64
		{9DFA4E3C-B438-4776-988E-EF33BC1C3CCD}.Release|x86.ActiveCfg = Release|x86
		{9DFA4E3C-B438-4776-988E-EF33BC1C3CCD}.Release|x86.Build.0 = Release|x86
		{5C34E711-D639-4D77-8F75-E90BC16E1981}.Debug|Any CPU.ActiveCfg = Debug|Any CPU
		{5C34E711-D639-4D77-8F75-E90BC16E1981}.Debug|Any CPU.Build.0 = Debug|Any CPU
		{5C34E711-D639-4D77-8F75-E90BC16E1981}.Debug|x64.ActiveCfg = Debug|Any CPU
		{5C34E711-D639-4D77-8F75-E90BC16E1981}.Debug|x64.Build.0 = Debug|Any CPU
		{5C34E711-D639-4D77-8F75-E90BC16E1981}.Debug|x86.ActiveCfg = Debug|Any CPU
		{5C34E711-D639-4D77-8F75-E90BC16E1981}.Debug|x86.Build.0 = Debug|Any CPU
		{5C34E711-D639-4D77-8F75-E90BC16E1981}.Release|Any CPU.ActiveCfg = Release|Any CPU
		{5C34E711-D639-4D77-8F75-E90BC16E1981}.Release|Any CPU.Build.0 = Release|Any CPU
		{5C34E711-D639-4D77-8F75-E90BC16E1981}.Release|x64.ActiveCfg = Release|Any CPU
		{5C34E711-D639-4D77-8F75-E90BC16E1981}.Release|x64.Build.0 = Release|Any CPU
		{5C34E711-D639-4D77-8F75-E90BC16E1981}.Release|x86.ActiveCfg = Release|Any CPU
		{5C34E711-D639-4D77-8F75-E90BC16E1981}.Release|x86.Build.0 = Release|Any CPU
		{4A8174FA-8FA5-4096-8E17-92833A5858F5}.Debug|Any CPU.ActiveCfg = Debug|Any CPU
		{4A8174FA-8FA5-4096-8E17-92833A5858F5}.Debug|Any CPU.Build.0 = Debug|Any CPU
		{4A8174FA-8FA5-4096-8E17-92833A5858F5}.Debug|x64.ActiveCfg = Debug|Any CPU
		{4A8174FA-8FA5-4096-8E17-92833A5858F5}.Debug|x64.Build.0 = Debug|Any CPU
		{4A8174FA-8FA5-4096-8E17-92833A5858F5}.Debug|x86.ActiveCfg = Debug|Any CPU
		{4A8174FA-8FA5-4096-8E17-92833A5858F5}.Debug|x86.Build.0 = Debug|Any CPU
		{4A8174FA-8FA5-4096-8E17-92833A5858F5}.Release|Any CPU.ActiveCfg = Release|Any CPU
		{4A8174FA-8FA5-4096-8E17-92833A5858F5}.Release|Any CPU.Build.0 = Release|Any CPU
		{4A8174FA-8FA5-4096-8E17-92833A5858F5}.Release|x64.ActiveCfg = Release|Any CPU
		{4A8174FA-8FA5-4096-8E17-92833A5858F5}.Release|x64.Build.0 = Release|Any CPU
		{4A8174FA-8FA5-4096-8E17-92833A5858F5}.Release|x86.ActiveCfg = Release|Any CPU
		{4A8174FA-8FA5-4096-8E17-92833A5858F5}.Release|x86.Build.0 = Release|Any CPU
		{8099D2DE-9750-4BB1-9325-B3C082307AA6}.Debug|Any CPU.ActiveCfg = Debug|Any CPU
		{8099D2DE-9750-4BB1-9325-B3C082307AA6}.Debug|Any CPU.Build.0 = Debug|Any CPU
		{8099D2DE-9750-4BB1-9325-B3C082307AA6}.Debug|x64.ActiveCfg = Debug|Any CPU
		{8099D2DE-9750-4BB1-9325-B3C082307AA6}.Debug|x64.Build.0 = Debug|Any CPU
		{8099D2DE-9750-4BB1-9325-B3C082307AA6}.Debug|x86.ActiveCfg = Debug|Any CPU
		{8099D2DE-9750-4BB1-9325-B3C082307AA6}.Debug|x86.Build.0 = Debug|Any CPU
		{8099D2DE-9750-4BB1-9325-B3C082307AA6}.Release|Any CPU.ActiveCfg = Release|Any CPU
		{8099D2DE-9750-4BB1-9325-B3C082307AA6}.Release|Any CPU.Build.0 = Release|Any CPU
		{8099D2DE-9750-4BB1-9325-B3C082307AA6}.Release|x64.ActiveCfg = Release|Any CPU
		{8099D2DE-9750-4BB1-9325-B3C082307AA6}.Release|x64.Build.0 = Release|Any CPU
		{8099D2DE-9750-4BB1-9325-B3C082307AA6}.Release|x86.ActiveCfg = Release|Any CPU
		{8099D2DE-9750-4BB1-9325-B3C082307AA6}.Release|x86.Build.0 = Release|Any CPU
		{D425FB92-1E20-4620-9632-CB322992A478}.Debug|Any CPU.ActiveCfg = Debug|Any CPU
		{D425FB92-1E20-4620-9632-CB322992A478}.Debug|Any CPU.Build.0 = Debug|Any CPU
		{D425FB92-1E20-4620-9632-CB322992A478}.Debug|x64.ActiveCfg = Debug|Any CPU
		{D425FB92-1E20-4620-9632-CB322992A478}.Debug|x64.Build.0 = Debug|Any CPU
		{D425FB92-1E20-4620-9632-CB322992A478}.Debug|x86.ActiveCfg = Debug|Any CPU
		{D425FB92-1E20-4620-9632-CB322992A478}.Debug|x86.Build.0 = Debug|Any CPU
		{D425FB92-1E20-4620-9632-CB322992A478}.Release|Any CPU.ActiveCfg = Release|Any CPU
		{D425FB92-1E20-4620-9632-CB322992A478}.Release|Any CPU.Build.0 = Release|Any CPU
		{D425FB92-1E20-4620-9632-CB322992A478}.Release|x64.ActiveCfg = Release|Any CPU
		{D425FB92-1E20-4620-9632-CB322992A478}.Release|x64.Build.0 = Release|Any CPU
		{D425FB92-1E20-4620-9632-CB322992A478}.Release|x86.ActiveCfg = Release|Any CPU
		{D425FB92-1E20-4620-9632-CB322992A478}.Release|x86.Build.0 = Release|Any CPU
		{605F29DD-93ED-4306-8567-91BA8770F925}.Debug|Any CPU.ActiveCfg = Debug|Any CPU
		{605F29DD-93ED-4306-8567-91BA8770F925}.Debug|Any CPU.Build.0 = Debug|Any CPU
		{605F29DD-93ED-4306-8567-91BA8770F925}.Debug|x64.ActiveCfg = Debug|Any CPU
		{605F29DD-93ED-4306-8567-91BA8770F925}.Debug|x64.Build.0 = Debug|Any CPU
		{605F29DD-93ED-4306-8567-91BA8770F925}.Debug|x86.ActiveCfg = Debug|Any CPU
		{605F29DD-93ED-4306-8567-91BA8770F925}.Debug|x86.Build.0 = Debug|Any CPU
		{605F29DD-93ED-4306-8567-91BA8770F925}.Release|Any CPU.ActiveCfg = Release|Any CPU
		{605F29DD-93ED-4306-8567-91BA8770F925}.Release|Any CPU.Build.0 = Release|Any CPU
		{605F29DD-93ED-4306-8567-91BA8770F925}.Release|x64.ActiveCfg = Release|Any CPU
		{605F29DD-93ED-4306-8567-91BA8770F925}.Release|x64.Build.0 = Release|Any CPU
		{605F29DD-93ED-4306-8567-91BA8770F925}.Release|x86.ActiveCfg = Release|Any CPU
		{605F29DD-93ED-4306-8567-91BA8770F925}.Release|x86.Build.0 = Release|Any CPU
		{FE4F9EF0-1833-47EF-8543-564B94666E7A}.Debug|Any CPU.ActiveCfg = Debug|Any CPU
		{FE4F9EF0-1833-47EF-8543-564B94666E7A}.Debug|x64.ActiveCfg = Debug|Any CPU
		{FE4F9EF0-1833-47EF-8543-564B94666E7A}.Debug|x86.ActiveCfg = Debug|Any CPU
		{FE4F9EF0-1833-47EF-8543-564B94666E7A}.Release|Any CPU.ActiveCfg = Release|Any CPU
		{FE4F9EF0-1833-47EF-8543-564B94666E7A}.Release|x64.ActiveCfg = Release|Any CPU
		{FE4F9EF0-1833-47EF-8543-564B94666E7A}.Release|x86.ActiveCfg = Release|Any CPU
	EndGlobalSection
	GlobalSection(SolutionProperties) = preSolution
		HideSolutionNode = FALSE
	EndGlobalSection
	GlobalSection(ExtensibilityGlobals) = postSolution
		SolutionGuid = {81E83D08-2BDF-4586-AD94-9BEBED37E91A}
	EndGlobalSection
EndGlobal
